
Microsoft Visual Studio Solution File, Format Version 12.00
# Visual Studio 15
VisualStudioVersion = 15.0.26430.16
MinimumVisualStudioVersion = 10.0.40219.1
Project("{8BC9CEB8-8B4A-11D0-8D11-00A0C91BC942}") = "00-HelloWorld", "00-HelloWorld\00-HelloWorld.vcxproj", "{4FAF2E04-1D8C-4907-BA04-C5013094876B}"
EndProject
Project("{2150E333-8FDC-42A3-9474-1A3956D46DE8}") = "Solution Items", "Solution Items", "{512A8960-E3F0-4982-8DED-13EC56A7BE48}"
	ProjectSection(SolutionItems) = preProject
		.gitignore = .gitignore
		README.md = README.md
	EndProjectSection
EndProject
Global
	GlobalSection(SolutionConfigurationPlatforms) = preSolution
		Debug|x64 = Debug|x64
		Debug|x86 = Debug|x86
		Release|x64 = Release|x64
		Release|x86 = Release|x86
	EndGlobalSection
	GlobalSection(ProjectConfigurationPlatforms) = postSolution
		{4FAF2E04-1D8C-4907-BA04-C5013094876B}.Debug|x64.ActiveCfg = Debug|x64
		{4FAF2E04-1D8C-4907-BA04-C5013094876B}.Debug|x64.Build.0 = Debug|x64
		{4FAF2E04-1D8C-4907-BA04-C5013094876B}.Debug|x86.ActiveCfg = Debug|Win32
		{4FAF2E04-1D8C-4907-BA04-C5013094876B}.Debug|x86.Build.0 = Debug|Win32
		{4FAF2E04-1D8C-4907-BA04-C5013094876B}.Release|x64.ActiveCfg = Release|x64
		{4FAF2E04-1D8C-4907-BA04-C5013094876B}.Release|x64.Build.0 = Release|x64
		{4FAF2E04-1D8C-4907-BA04-C5013094876B}.Release|x86.ActiveCfg = Release|Win32
		{4FAF2E04-1D8C-4907-BA04-C5013094876B}.Release|x86.Build.0 = Release|Win32
	EndGlobalSection
	GlobalSection(SolutionProperties) = preSolution
		HideSolutionNode = FALSE
	EndGlobalSection
EndGlobal
